
Microsoft Visual Studio Solution File, Format Version 12.00
# Visual Studio 15
VisualStudioVersion = 15.0.28010.2041
MinimumVisualStudioVersion = 10.0.40219.1
Project("{FAE04EC0-301F-11D3-BF4B-00C04F79EFBC}") = "example_12.10.1", "example_12.10.1\example_12.10.1.csproj", "{FC51A092-D247-4DA1-80F7-2CFC07B392B2}"
EndProject
Global
	GlobalSection(SolutionConfigurationPlatforms) = preSolution
		Debug|Any CPU = Debug|Any CPU
		Release|Any CPU = Release|Any CPU
	EndGlobalSection
	GlobalSection(ProjectConfigurationPlatforms) = postSolution
		{FC51A092-D247-4DA1-80F7-2CFC07B392B2}.Debug|Any CPU.ActiveCfg = Debug|Any CPU
		{FC51A092-D247-4DA1-80F7-2CFC07B392B2}.Debug|Any CPU.Build.0 = Debug|Any CPU
		{FC51A092-D247-4DA1-80F7-2CFC07B392B2}.Release|Any CPU.ActiveCfg = Release|Any CPU
		{FC51A092-D247-4DA1-80F7-2CFC07B392B2}.Release|Any CPU.Build.0 = Release|Any CPU
	EndGlobalSection
	GlobalSection(SolutionProperties) = preSolution
		HideSolutionNode = FALSE
	EndGlobalSection
	GlobalSection(ExtensibilityGlobals) = postSolution
		SolutionGuid = {BDB13CF0-4D42-4F79-AF58-6B5F0F3900D0}
	EndGlobalSection
EndGlobal
