
Microsoft Visual Studio Solution File, Format Version 12.00
# Visual Studio 15
VisualStudioVersion = 15.0.28010.2036
MinimumVisualStudioVersion = 10.0.40219.1
Project("{FAE04EC0-301F-11D3-BF4B-00C04F79EFBC}") = "example_10.1", "example_10.1\example_10.1.csproj", "{2C15C155-6AB4-4125-8F08-2B143CBA30DF}"
EndProject
Global
	GlobalSection(SolutionConfigurationPlatforms) = preSolution
		Debug|Any CPU = Debug|Any CPU
		Release|Any CPU = Release|Any CPU
	EndGlobalSection
	GlobalSection(ProjectConfigurationPlatforms) = postSolution
		{2C15C155-6AB4-4125-8F08-2B143CBA30DF}.Debug|Any CPU.ActiveCfg = Debug|Any CPU
		{2C15C155-6AB4-4125-8F08-2B143CBA30DF}.Debug|Any CPU.Build.0 = Debug|Any CPU
		{2C15C155-6AB4-4125-8F08-2B143CBA30DF}.Release|Any CPU.ActiveCfg = Release|Any CPU
		{2C15C155-6AB4-4125-8F08-2B143CBA30DF}.Release|Any CPU.Build.0 = Release|Any CPU
	EndGlobalSection
	GlobalSection(SolutionProperties) = preSolution
		HideSolutionNode = FALSE
	EndGlobalSection
	GlobalSection(ExtensibilityGlobals) = postSolution
		SolutionGuid = {79D98418-F972-4C3F-86CC-F6971F3C04E4}
	EndGlobalSection
EndGlobal
