
Microsoft Visual Studio Solution File, Format Version 12.00
# Visual Studio 15
VisualStudioVersion = 15.0.28010.2041
MinimumVisualStudioVersion = 10.0.40219.1
Project("{FAE04EC0-301F-11D3-BF4B-00C04F79EFBC}") = "example_14.5", "example_14.5\example_14.5.csproj", "{7A008B6E-89AD-4AD0-A18F-9191054572E1}"
EndProject
Global
	GlobalSection(SolutionConfigurationPlatforms) = preSolution
		Debug|Any CPU = Debug|Any CPU
		Release|Any CPU = Release|Any CPU
	EndGlobalSection
	GlobalSection(ProjectConfigurationPlatforms) = postSolution
		{7A008B6E-89AD-4AD0-A18F-9191054572E1}.Debug|Any CPU.ActiveCfg = Debug|Any CPU
		{7A008B6E-89AD-4AD0-A18F-9191054572E1}.Debug|Any CPU.Build.0 = Debug|Any CPU
		{7A008B6E-89AD-4AD0-A18F-9191054572E1}.Release|Any CPU.ActiveCfg = Release|Any CPU
		{7A008B6E-89AD-4AD0-A18F-9191054572E1}.Release|Any CPU.Build.0 = Release|Any CPU
	EndGlobalSection
	GlobalSection(SolutionProperties) = preSolution
		HideSolutionNode = FALSE
	EndGlobalSection
	GlobalSection(ExtensibilityGlobals) = postSolution
		SolutionGuid = {EAEA3385-9EDB-44C5-9797-CA65882C7530}
	EndGlobalSection
EndGlobal
