
Microsoft Visual Studio Solution File, Format Version 12.00
# Visual Studio 15
VisualStudioVersion = 15.0.28010.2036
MinimumVisualStudioVersion = 10.0.40219.1
Project("{FAE04EC0-301F-11D3-BF4B-00C04F79EFBC}") = "example_7.5", "example_7.5\example_7.5.csproj", "{2858D932-AC44-4641-B708-334C3B423192}"
EndProject
Global
	GlobalSection(SolutionConfigurationPlatforms) = preSolution
		Debug|Any CPU = Debug|Any CPU
		Release|Any CPU = Release|Any CPU
	EndGlobalSection
	GlobalSection(ProjectConfigurationPlatforms) = postSolution
		{2858D932-AC44-4641-B708-334C3B423192}.Debug|Any CPU.ActiveCfg = Debug|Any CPU
		{2858D932-AC44-4641-B708-334C3B423192}.Debug|Any CPU.Build.0 = Debug|Any CPU
		{2858D932-AC44-4641-B708-334C3B423192}.Release|Any CPU.ActiveCfg = Release|Any CPU
		{2858D932-AC44-4641-B708-334C3B423192}.Release|Any CPU.Build.0 = Release|Any CPU
	EndGlobalSection
	GlobalSection(SolutionProperties) = preSolution
		HideSolutionNode = FALSE
	EndGlobalSection
	GlobalSection(ExtensibilityGlobals) = postSolution
		SolutionGuid = {C4A1EE40-8340-4C16-B703-391E5FC1AB85}
	EndGlobalSection
EndGlobal
