
Microsoft Visual Studio Solution File, Format Version 12.00
# Visual Studio 15
VisualStudioVersion = 15.0.28010.2036
MinimumVisualStudioVersion = 10.0.40219.1
Project("{FAE04EC0-301F-11D3-BF4B-00C04F79EFBC}") = "example_6.20", "example_6.20\example_6.20.csproj", "{BD22B786-A6E0-4BBC-AE73-040711E37249}"
EndProject
Global
	GlobalSection(SolutionConfigurationPlatforms) = preSolution
		Debug|Any CPU = Debug|Any CPU
		Release|Any CPU = Release|Any CPU
	EndGlobalSection
	GlobalSection(ProjectConfigurationPlatforms) = postSolution
		{BD22B786-A6E0-4BBC-AE73-040711E37249}.Debug|Any CPU.ActiveCfg = Debug|Any CPU
		{BD22B786-A6E0-4BBC-AE73-040711E37249}.Debug|Any CPU.Build.0 = Debug|Any CPU
		{BD22B786-A6E0-4BBC-AE73-040711E37249}.Release|Any CPU.ActiveCfg = Release|Any CPU
		{BD22B786-A6E0-4BBC-AE73-040711E37249}.Release|Any CPU.Build.0 = Release|Any CPU
	EndGlobalSection
	GlobalSection(SolutionProperties) = preSolution
		HideSolutionNode = FALSE
	EndGlobalSection
	GlobalSection(ExtensibilityGlobals) = postSolution
		SolutionGuid = {F97B5AED-983A-4D29-908B-9729533BBEC4}
	EndGlobalSection
EndGlobal
