
Microsoft Visual Studio Solution File, Format Version 12.00
# Visual Studio 15
VisualStudioVersion = 15.0.28010.2036
MinimumVisualStudioVersion = 10.0.40219.1
Project("{FAE04EC0-301F-11D3-BF4B-00C04F79EFBC}") = "example_7.4", "example_7.4\example_7.4.csproj", "{FA9C4D38-EAF3-43F8-A4B5-2D48893617F2}"
EndProject
Global
	GlobalSection(SolutionConfigurationPlatforms) = preSolution
		Debug|Any CPU = Debug|Any CPU
		Release|Any CPU = Release|Any CPU
	EndGlobalSection
	GlobalSection(ProjectConfigurationPlatforms) = postSolution
		{FA9C4D38-EAF3-43F8-A4B5-2D48893617F2}.Debug|Any CPU.ActiveCfg = Debug|Any CPU
		{FA9C4D38-EAF3-43F8-A4B5-2D48893617F2}.Debug|Any CPU.Build.0 = Debug|Any CPU
		{FA9C4D38-EAF3-43F8-A4B5-2D48893617F2}.Release|Any CPU.ActiveCfg = Release|Any CPU
		{FA9C4D38-EAF3-43F8-A4B5-2D48893617F2}.Release|Any CPU.Build.0 = Release|Any CPU
	EndGlobalSection
	GlobalSection(SolutionProperties) = preSolution
		HideSolutionNode = FALSE
	EndGlobalSection
	GlobalSection(ExtensibilityGlobals) = postSolution
		SolutionGuid = {96C7CE65-1B4F-4651-B780-E25DEA07C8B0}
	EndGlobalSection
EndGlobal
