
Microsoft Visual Studio Solution File, Format Version 12.00
# Visual Studio 15
VisualStudioVersion = 15.0.28010.2041
MinimumVisualStudioVersion = 10.0.40219.1
Project("{FAE04EC0-301F-11D3-BF4B-00C04F79EFBC}") = "example_18.4.2", "example_18.4.2\example_18.4.2.csproj", "{97BA8855-1B0D-4CBB-B4B9-CE9EF7794285}"
EndProject
Global
	GlobalSection(SolutionConfigurationPlatforms) = preSolution
		Debug|Any CPU = Debug|Any CPU
		Release|Any CPU = Release|Any CPU
	EndGlobalSection
	GlobalSection(ProjectConfigurationPlatforms) = postSolution
		{97BA8855-1B0D-4CBB-B4B9-CE9EF7794285}.Debug|Any CPU.ActiveCfg = Debug|Any CPU
		{97BA8855-1B0D-4CBB-B4B9-CE9EF7794285}.Debug|Any CPU.Build.0 = Debug|Any CPU
		{97BA8855-1B0D-4CBB-B4B9-CE9EF7794285}.Release|Any CPU.ActiveCfg = Release|Any CPU
		{97BA8855-1B0D-4CBB-B4B9-CE9EF7794285}.Release|Any CPU.Build.0 = Release|Any CPU
	EndGlobalSection
	GlobalSection(SolutionProperties) = preSolution
		HideSolutionNode = FALSE
	EndGlobalSection
	GlobalSection(ExtensibilityGlobals) = postSolution
		SolutionGuid = {5C201784-8EDE-42D8-A2D6-3C7CED530DC8}
	EndGlobalSection
EndGlobal
