
Microsoft Visual Studio Solution File, Format Version 12.00
# Visual Studio 15
VisualStudioVersion = 15.0.28010.2036
MinimumVisualStudioVersion = 10.0.40219.1
Project("{FAE04EC0-301F-11D3-BF4B-00C04F79EFBC}") = "example_7.6.1", "example_7.6.1\example_7.6.1.csproj", "{131063D9-9B2F-48CB-8FD6-8F3F203721B3}"
EndProject
Global
	GlobalSection(SolutionConfigurationPlatforms) = preSolution
		Debug|Any CPU = Debug|Any CPU
		Release|Any CPU = Release|Any CPU
	EndGlobalSection
	GlobalSection(ProjectConfigurationPlatforms) = postSolution
		{131063D9-9B2F-48CB-8FD6-8F3F203721B3}.Debug|Any CPU.ActiveCfg = Debug|Any CPU
		{131063D9-9B2F-48CB-8FD6-8F3F203721B3}.Debug|Any CPU.Build.0 = Debug|Any CPU
		{131063D9-9B2F-48CB-8FD6-8F3F203721B3}.Release|Any CPU.ActiveCfg = Release|Any CPU
		{131063D9-9B2F-48CB-8FD6-8F3F203721B3}.Release|Any CPU.Build.0 = Release|Any CPU
	EndGlobalSection
	GlobalSection(SolutionProperties) = preSolution
		HideSolutionNode = FALSE
	EndGlobalSection
	GlobalSection(ExtensibilityGlobals) = postSolution
		SolutionGuid = {C26F4667-7D59-41D3-BB3D-60297D064E54}
	EndGlobalSection
EndGlobal
