
Microsoft Visual Studio Solution File, Format Version 12.00
# Visual Studio 15
VisualStudioVersion = 15.0.28010.2036
MinimumVisualStudioVersion = 10.0.40219.1
Project("{FAE04EC0-301F-11D3-BF4B-00C04F79EFBC}") = "example_5,17", "example_5,17\example_5,17.csproj", "{C2537F57-8D62-4CBB-BE45-E8AC56B97D33}"
EndProject
Global
	GlobalSection(SolutionConfigurationPlatforms) = preSolution
		Debug|Any CPU = Debug|Any CPU
		Release|Any CPU = Release|Any CPU
	EndGlobalSection
	GlobalSection(ProjectConfigurationPlatforms) = postSolution
		{C2537F57-8D62-4CBB-BE45-E8AC56B97D33}.Debug|Any CPU.ActiveCfg = Debug|Any CPU
		{C2537F57-8D62-4CBB-BE45-E8AC56B97D33}.Debug|Any CPU.Build.0 = Debug|Any CPU
		{C2537F57-8D62-4CBB-BE45-E8AC56B97D33}.Release|Any CPU.ActiveCfg = Release|Any CPU
		{C2537F57-8D62-4CBB-BE45-E8AC56B97D33}.Release|Any CPU.Build.0 = Release|Any CPU
	EndGlobalSection
	GlobalSection(SolutionProperties) = preSolution
		HideSolutionNode = FALSE
	EndGlobalSection
	GlobalSection(ExtensibilityGlobals) = postSolution
		SolutionGuid = {8DB9F8EB-94DC-4AF5-AF39-C2EE33AF2A2B}
	EndGlobalSection
EndGlobal
