
Microsoft Visual Studio Solution File, Format Version 12.00
# Visual Studio 15
VisualStudioVersion = 15.0.28010.2036
MinimumVisualStudioVersion = 10.0.40219.1
Project("{FAE04EC0-301F-11D3-BF4B-00C04F79EFBC}") = "example_6.12", "example_6.12\example_6.12.csproj", "{7B5365C2-DD58-4B36-B4E0-34DB5D3527A9}"
EndProject
Global
	GlobalSection(SolutionConfigurationPlatforms) = preSolution
		Debug|Any CPU = Debug|Any CPU
		Release|Any CPU = Release|Any CPU
	EndGlobalSection
	GlobalSection(ProjectConfigurationPlatforms) = postSolution
		{7B5365C2-DD58-4B36-B4E0-34DB5D3527A9}.Debug|Any CPU.ActiveCfg = Debug|Any CPU
		{7B5365C2-DD58-4B36-B4E0-34DB5D3527A9}.Debug|Any CPU.Build.0 = Debug|Any CPU
		{7B5365C2-DD58-4B36-B4E0-34DB5D3527A9}.Release|Any CPU.ActiveCfg = Release|Any CPU
		{7B5365C2-DD58-4B36-B4E0-34DB5D3527A9}.Release|Any CPU.Build.0 = Release|Any CPU
	EndGlobalSection
	GlobalSection(SolutionProperties) = preSolution
		HideSolutionNode = FALSE
	EndGlobalSection
	GlobalSection(ExtensibilityGlobals) = postSolution
		SolutionGuid = {8C63587C-8F44-45CF-B448-26BC34E83620}
	EndGlobalSection
EndGlobal
