
Microsoft Visual Studio Solution File, Format Version 12.00
# Visual Studio 15
VisualStudioVersion = 15.0.28010.2036
MinimumVisualStudioVersion = 10.0.40219.1
Project("{FAE04EC0-301F-11D3-BF4B-00C04F79EFBC}") = "example_11.1", "example_11.1\example_11.1.csproj", "{09735C85-E10D-4152-AE7D-608858651C3B}"
EndProject
Global
	GlobalSection(SolutionConfigurationPlatforms) = preSolution
		Debug|Any CPU = Debug|Any CPU
		Release|Any CPU = Release|Any CPU
	EndGlobalSection
	GlobalSection(ProjectConfigurationPlatforms) = postSolution
		{09735C85-E10D-4152-AE7D-608858651C3B}.Debug|Any CPU.ActiveCfg = Debug|Any CPU
		{09735C85-E10D-4152-AE7D-608858651C3B}.Debug|Any CPU.Build.0 = Debug|Any CPU
		{09735C85-E10D-4152-AE7D-608858651C3B}.Release|Any CPU.ActiveCfg = Release|Any CPU
		{09735C85-E10D-4152-AE7D-608858651C3B}.Release|Any CPU.Build.0 = Release|Any CPU
	EndGlobalSection
	GlobalSection(SolutionProperties) = preSolution
		HideSolutionNode = FALSE
	EndGlobalSection
	GlobalSection(ExtensibilityGlobals) = postSolution
		SolutionGuid = {28753D83-8775-4B16-A5BE-D5A90AE2151D}
	EndGlobalSection
EndGlobal
